
Microsoft Visual Studio Solution File, Format Version 12.00
# Visual Studio Version 16
VisualStudioVersion = 16.0.810.6
MinimumVisualStudioVersion = 10.0.40219.1
Project("{FAE04EC0-301F-11D3-BF4B-00C04F79EFBC}") = "congestion-tax-calculator-main", "congestion-tax-calculator-main\congestion-tax-calculator-main.csproj", "{7AF2F493-FE5E-40E7-B388-15FF1F61E8E1}"
EndProject
Project("{FAE04EC0-301F-11D3-BF4B-00C04F79EFBC}") = "TaxCalculationAPI", "TaxCalculationAPI\TaxCalculationAPI.csproj", "{EE1DBFB7-FCC9-4385-8725-B55DCAE3E4D1}"
EndProject
Project("{FAE04EC0-301F-11D3-BF4B-00C04F79EFBC}") = "congestion-tax-calculator-main.Tests", "congestion-tax-calculator-main.Tests\congestion-tax-calculator-main.Tests.csproj", "{4E6E4532-3F3C-4C12-8EAF-8B09462454B0}"
EndProject
Global
	GlobalSection(SolutionConfigurationPlatforms) = preSolution
		Debug|Any CPU = Debug|Any CPU
		Release|Any CPU = Release|Any CPU
	EndGlobalSection
	GlobalSection(ProjectConfigurationPlatforms) = postSolution
		{7AF2F493-FE5E-40E7-B388-15FF1F61E8E1}.Debug|Any CPU.ActiveCfg = Debug|Any CPU
		{7AF2F493-FE5E-40E7-B388-15FF1F61E8E1}.Debug|Any CPU.Build.0 = Debug|Any CPU
		{7AF2F493-FE5E-40E7-B388-15FF1F61E8E1}.Release|Any CPU.ActiveCfg = Release|Any CPU
		{7AF2F493-FE5E-40E7-B388-15FF1F61E8E1}.Release|Any CPU.Build.0 = Release|Any CPU
		{EE1DBFB7-FCC9-4385-8725-B55DCAE3E4D1}.Debug|Any CPU.ActiveCfg = Debug|Any CPU
		{EE1DBFB7-FCC9-4385-8725-B55DCAE3E4D1}.Debug|Any CPU.Build.0 = Debug|Any CPU
		{EE1DBFB7-FCC9-4385-8725-B55DCAE3E4D1}.Release|Any CPU.ActiveCfg = Release|Any CPU
		{EE1DBFB7-FCC9-4385-8725-B55DCAE3E4D1}.Release|Any CPU.Build.0 = Release|Any CPU
		{4E6E4532-3F3C-4C12-8EAF-8B09462454B0}.Debug|Any CPU.ActiveCfg = Debug|Any CPU
		{4E6E4532-3F3C-4C12-8EAF-8B09462454B0}.Debug|Any CPU.Build.0 = Debug|Any CPU
		{4E6E4532-3F3C-4C12-8EAF-8B09462454B0}.Release|Any CPU.ActiveCfg = Release|Any CPU
		{4E6E4532-3F3C-4C12-8EAF-8B09462454B0}.Release|Any CPU.Build.0 = Release|Any CPU
	EndGlobalSection
	GlobalSection(SolutionProperties) = preSolution
		HideSolutionNode = FALSE
	EndGlobalSection
	GlobalSection(ExtensibilityGlobals) = postSolution
		SolutionGuid = {4A50860B-B513-4E92-8A50-D321AAD322E3}
	EndGlobalSection
EndGlobal
