
Microsoft Visual Studio Solution File, Format Version 12.00
Project("{FAE04EC0-301F-11D3-BF4B-00C04F79EFBC}") = "TaxCalculator.Api", "TaxCalculator.Api\TaxCalculator.Api.csproj", "{5ECCA441-B186-401C-94D8-7292A0FCBA07}"
EndProject
Project("{FAE04EC0-301F-11D3-BF4B-00C04F79EFBC}") = "TaxCalculator.UnitTest", "TaxCalculator.UnitTest\TaxCalculator.UnitTest.csproj", "{60F45F1F-C2C9-493E-9276-A065B31CC457}"
EndProject
Project("{FAE04EC0-301F-11D3-BF4B-00C04F79EFBC}") = "congestion-tax-calculator-net-core", "netcore\congestion-tax-calculator-net-core.csproj", "{7F10323E-B1F9-40AD-B9F2-EC40AC4C6D88}"
EndProject
Global
	GlobalSection(SolutionConfigurationPlatforms) = preSolution
		Debug|Any CPU = Debug|Any CPU
		Release|Any CPU = Release|Any CPU
	EndGlobalSection
	GlobalSection(ProjectConfigurationPlatforms) = postSolution
		{5ECCA441-B186-401C-94D8-7292A0FCBA07}.Debug|Any CPU.ActiveCfg = Debug|Any CPU
		{5ECCA441-B186-401C-94D8-7292A0FCBA07}.Debug|Any CPU.Build.0 = Debug|Any CPU
		{5ECCA441-B186-401C-94D8-7292A0FCBA07}.Release|Any CPU.ActiveCfg = Release|Any CPU
		{5ECCA441-B186-401C-94D8-7292A0FCBA07}.Release|Any CPU.Build.0 = Release|Any CPU
		{60F45F1F-C2C9-493E-9276-A065B31CC457}.Debug|Any CPU.ActiveCfg = Debug|Any CPU
		{60F45F1F-C2C9-493E-9276-A065B31CC457}.Debug|Any CPU.Build.0 = Debug|Any CPU
		{60F45F1F-C2C9-493E-9276-A065B31CC457}.Release|Any CPU.ActiveCfg = Release|Any CPU
		{60F45F1F-C2C9-493E-9276-A065B31CC457}.Release|Any CPU.Build.0 = Release|Any CPU
		{7F10323E-B1F9-40AD-B9F2-EC40AC4C6D88}.Debug|Any CPU.ActiveCfg = Debug|Any CPU
		{7F10323E-B1F9-40AD-B9F2-EC40AC4C6D88}.Debug|Any CPU.Build.0 = Debug|Any CPU
		{7F10323E-B1F9-40AD-B9F2-EC40AC4C6D88}.Release|Any CPU.ActiveCfg = Release|Any CPU
		{7F10323E-B1F9-40AD-B9F2-EC40AC4C6D88}.Release|Any CPU.Build.0 = Release|Any CPU
	EndGlobalSection
EndGlobal
